
Microsoft Visual Studio Solution File, Format Version 12.00
# Visual Studio Version 16
VisualStudioVersion = 16.0.31624.102
MinimumVisualStudioVersion = 10.0.40219.1
Project("{FAE04EC0-301F-11D3-BF4B-00C04F79EFBC}") = "RS181977_TB181979_desafío01", "RS181977_TB181979_desafío01\RS181977_TB181979_desafío01.csproj", "{30506D1F-345B-4705-9BD4-893E47AE64EE}"
EndProject
Global
	GlobalSection(SolutionConfigurationPlatforms) = preSolution
		Debug|Any CPU = Debug|Any CPU
		Release|Any CPU = Release|Any CPU
	EndGlobalSection
	GlobalSection(ProjectConfigurationPlatforms) = postSolution
		{30506D1F-345B-4705-9BD4-893E47AE64EE}.Debug|Any CPU.ActiveCfg = Debug|Any CPU
		{30506D1F-345B-4705-9BD4-893E47AE64EE}.Debug|Any CPU.Build.0 = Debug|Any CPU
		{30506D1F-345B-4705-9BD4-893E47AE64EE}.Release|Any CPU.ActiveCfg = Release|Any CPU
		{30506D1F-345B-4705-9BD4-893E47AE64EE}.Release|Any CPU.Build.0 = Release|Any CPU
	EndGlobalSection
	GlobalSection(SolutionProperties) = preSolution
		HideSolutionNode = FALSE
	EndGlobalSection
	GlobalSection(ExtensibilityGlobals) = postSolution
		SolutionGuid = {4577913F-ABC9-49E5-9342-335C8B82CC30}
	EndGlobalSection
EndGlobal
